// !$*UTF8*$!
{
	archiveVersion = 1;
	classes = {
	};
	objectVersion = 55;
	objects = {

/* Begin PBXBuildFile section */
		DD2A597D28905E8C00C5656D /* Tests_iOS.swift in Sources */ = {isa = PBXBuildFile; fileRef = DD2A597C28905E8C00C5656D /* Tests_iOS.swift */; };
		DD2A597F28905E8C00C5656D /* Tests_iOSLaunchTests.swift in Sources */ = {isa = PBXBuildFile; fileRef = DD2A597E28905E8C00C5656D /* Tests_iOSLaunchTests.swift */; };
		DD2A598928905E8C00C5656D /* Tests_macOS.swift in Sources */ = {isa = PBXBuildFile; fileRef = DD2A598828905E8C00C5656D /* Tests_macOS.swift */; };
		DD2A598B28905E8C00C5656D /* Tests_macOSLaunchTests.swift in Sources */ = {isa = PBXBuildFile; fileRef = DD2A598A28905E8C00C5656D /* Tests_macOSLaunchTests.swift */; };
		DD2A598C28905E8C00C5656D /* DragGestureTestApp.swift in Sources */ = {isa = PBXBuildFile; fileRef = DD2A596428905E8C00C5656D /* DragGestureTestApp.swift */; };
		DD2A598D28905E8C00C5656D /* DragGestureTestApp.swift in Sources */ = {isa = PBXBuildFile; fileRef = DD2A596428905E8C00C5656D /* DragGestureTestApp.swift */; };
		DD2A598E28905E8C00C5656D /* ContentView.swift in Sources */ = {isa = PBXBuildFile; fileRef = DD2A596528905E8C00C5656D /* ContentView.swift */; };
		DD2A598F28905E8C00C5656D /* ContentView.swift in Sources */ = {isa = PBXBuildFile; fileRef = DD2A596528905E8C00C5656D /* ContentView.swift */; };
		DD2A599028905E8C00C5656D /* Assets.xcassets in Resources */ = {isa = PBXBuildFile; fileRef = DD2A596628905E8C00C5656D /* Assets.xcassets */; };
		DD2A599128905E8C00C5656D /* Assets.xcassets in Resources */ = {isa = PBXBuildFile; fileRef = DD2A596628905E8C00C5656D /* Assets.xcassets */; };
		DD2A59A1289129BE00C5656D /* DragInSpecificDirection.swift in Sources */ = {isa = PBXBuildFile; fileRef = DD2A59A0289129BE00C5656D /* DragInSpecificDirection.swift */; };
		DD2A59A2289129BE00C5656D /* DragInSpecificDirection.swift in Sources */ = {isa = PBXBuildFile; fileRef = DD2A59A0289129BE00C5656D /* DragInSpecificDirection.swift */; };
		DD2A59A4289261C000C5656D /* GeoReader.swift in Sources */ = {isa = PBXBuildFile; fileRef = DD2A59A3289261C000C5656D /* GeoReader.swift */; };
		DD2A59A5289261C000C5656D /* GeoReader.swift in Sources */ = {isa = PBXBuildFile; fileRef = DD2A59A3289261C000C5656D /* GeoReader.swift */; };
		DD2A59A7289295B500C5656D /* DragAndExpandView.swift in Sources */ = {isa = PBXBuildFile; fileRef = DD2A59A6289295B500C5656D /* DragAndExpandView.swift */; };
		DD2A59A8289295B500C5656D /* DragAndExpandView.swift in Sources */ = {isa = PBXBuildFile; fileRef = DD2A59A6289295B500C5656D /* DragAndExpandView.swift */; };
		DD2A59AD28956A6C00C5656D /* CalendarView.swift in Sources */ = {isa = PBXBuildFile; fileRef = DD2A59AC28956A6C00C5656D /* CalendarView.swift */; };
		DD2A59AE28956A6C00C5656D /* CalendarView.swift in Sources */ = {isa = PBXBuildFile; fileRef = DD2A59AC28956A6C00C5656D /* CalendarView.swift */; };
		DD2A59B02895983200C5656D /* EventView.swift in Sources */ = {isa = PBXBuildFile; fileRef = DD2A59AF2895983200C5656D /* EventView.swift */; };
		DD2A59B12895983200C5656D /* EventView.swift in Sources */ = {isa = PBXBuildFile; fileRef = DD2A59AF2895983200C5656D /* EventView.swift */; };
		DD2A59B3289598E700C5656D /* RowView.swift in Sources */ = {isa = PBXBuildFile; fileRef = DD2A59B2289598E700C5656D /* RowView.swift */; };
		DD2A59B4289598E700C5656D /* RowView.swift in Sources */ = {isa = PBXBuildFile; fileRef = DD2A59B2289598E700C5656D /* RowView.swift */; };
		DD9A5B7F289C40D5009C2FBE /* MREGestureCoordinates.swift in Sources */ = {isa = PBXBuildFile; fileRef = DD9A5B7E289C40D5009C2FBE /* MREGestureCoordinates.swift */; };
		DD9A5B80289C40D5009C2FBE /* MREGestureCoordinates.swift in Sources */ = {isa = PBXBuildFile; fileRef = DD9A5B7E289C40D5009C2FBE /* MREGestureCoordinates.swift */; };
		DD9A5B82289EAE97009C2FBE /* ScrollPositionView.swift in Sources */ = {isa = PBXBuildFile; fileRef = DD9A5B81289EAE97009C2FBE /* ScrollPositionView.swift */; };
		DD9A5B83289EAE97009C2FBE /* ScrollPositionView.swift in Sources */ = {isa = PBXBuildFile; fileRef = DD9A5B81289EAE97009C2FBE /* ScrollPositionView.swift */; };
		DD9A5B8528A134DB009C2FBE /* DraggableEventView.swift in Sources */ = {isa = PBXBuildFile; fileRef = DD9A5B8428A134DB009C2FBE /* DraggableEventView.swift */; };
		DD9A5B8628A134DB009C2FBE /* DraggableEventView.swift in Sources */ = {isa = PBXBuildFile; fileRef = DD9A5B8428A134DB009C2FBE /* DraggableEventView.swift */; };
/* End PBXBuildFile section */

/* Begin PBXContainerItemProxy section */
		DD2A597928905E8C00C5656D /* PBXContainerItemProxy */ = {
			isa = PBXContainerItemProxy;
			containerPortal = DD2A595F28905E8C00C5656D /* Project object */;
			proxyType = 1;
			remoteGlobalIDString = DD2A596A28905E8C00C5656D;
			remoteInfo = "DragGestureTest (iOS)";
		};
		DD2A598528905E8C00C5656D /* PBXContainerItemProxy */ = {
			isa = PBXContainerItemProxy;
			containerPortal = DD2A595F28905E8C00C5656D /* Project object */;
			proxyType = 1;
			remoteGlobalIDString = DD2A597028905E8C00C5656D;
			remoteInfo = "DragGestureTest (macOS)";
		};
/* End PBXContainerItemProxy section */

/* Begin PBXFileReference section */
		DD2A596428905E8C00C5656D /* DragGestureTestApp.swift */ = {isa = PBXFileReference; lastKnownFileType = sourcecode.swift; path = DragGestureTestApp.swift; sourceTree = "<group>"; };
		DD2A596528905E8C00C5656D /* ContentView.swift */ = {isa = PBXFileReference; lastKnownFileType = sourcecode.swift; path = ContentView.swift; sourceTree = "<group>"; };
		DD2A596628905E8C00C5656D /* Assets.xcassets */ = {isa = PBXFileReference; lastKnownFileType = folder.assetcatalog; path = Assets.xcassets; sourceTree = "<group>"; };
		DD2A596B28905E8C00C5656D /* DragGestureTest.app */ = {isa = PBXFileReference; explicitFileType = wrapper.application; includeInIndex = 0; path = DragGestureTest.app; sourceTree = BUILT_PRODUCTS_DIR; };
		DD2A597128905E8C00C5656D /* DragGestureTest.app */ = {isa = PBXFileReference; explicitFileType = wrapper.application; includeInIndex = 0; path = DragGestureTest.app; sourceTree = BUILT_PRODUCTS_DIR; };
		DD2A597328905E8C00C5656D /* macOS.entitlements */ = {isa = PBXFileReference; lastKnownFileType = text.plist.entitlements; path = macOS.entitlements; sourceTree = "<group>"; };
		DD2A597828905E8C00C5656D /* Tests iOS.xctest */ = {isa = PBXFileReference; explicitFileType = wrapper.cfbundle; includeInIndex = 0; path = "Tests iOS.xctest"; sourceTree = BUILT_PRODUCTS_DIR; };
		DD2A597C28905E8C00C5656D /* Tests_iOS.swift */ = {isa = PBXFileReference; lastKnownFileType = sourcecode.swift; path = Tests_iOS.swift; sourceTree = "<group>"; };
		DD2A597E28905E8C00C5656D /* Tests_iOSLaunchTests.swift */ = {isa = PBXFileReference; lastKnownFileType = sourcecode.swift; path = Tests_iOSLaunchTests.swift; sourceTree = "<group>"; };
		DD2A598428905E8C00C5656D /* Tests macOS.xctest */ = {isa = PBXFileReference; explicitFileType = wrapper.cfbundle; includeInIndex = 0; path = "Tests macOS.xctest"; sourceTree = BUILT_PRODUCTS_DIR; };
		DD2A598828905E8C00C5656D /* Tests_macOS.swift */ = {isa = PBXFileReference; lastKnownFileType = sourcecode.swift; path = Tests_macOS.swift; sourceTree = "<group>"; };
		DD2A598A28905E8C00C5656D /* Tests_macOSLaunchTests.swift */ = {isa = PBXFileReference; lastKnownFileType = sourcecode.swift; path = Tests_macOSLaunchTests.swift; sourceTree = "<group>"; };
		DD2A59A0289129BE00C5656D /* DragInSpecificDirection.swift */ = {isa = PBXFileReference; lastKnownFileType = sourcecode.swift; path = DragInSpecificDirection.swift; sourceTree = "<group>"; };
		DD2A59A3289261C000C5656D /* GeoReader.swift */ = {isa = PBXFileReference; lastKnownFileType = sourcecode.swift; path = GeoReader.swift; sourceTree = "<group>"; };
		DD2A59A6289295B500C5656D /* DragAndExpandView.swift */ = {isa = PBXFileReference; lastKnownFileType = sourcecode.swift; path = DragAndExpandView.swift; sourceTree = "<group>"; };
		DD2A59AC28956A6C00C5656D /* CalendarView.swift */ = {isa = PBXFileReference; lastKnownFileType = sourcecode.swift; path = CalendarView.swift; sourceTree = "<group>"; };
		DD2A59AF2895983200C5656D /* EventView.swift */ = {isa = PBXFileReference; lastKnownFileType = sourcecode.swift; path = EventView.swift; sourceTree = "<group>"; };
		DD2A59B2289598E700C5656D /* RowView.swift */ = {isa = PBXFileReference; lastKnownFileType = sourcecode.swift; path = RowView.swift; sourceTree = "<group>"; };
		DD9A5B7E289C40D5009C2FBE /* MREGestureCoordinates.swift */ = {isa = PBXFileReference; lastKnownFileType = sourcecode.swift; path = MREGestureCoordinates.swift; sourceTree = "<group>"; };
		DD9A5B81289EAE97009C2FBE /* ScrollPositionView.swift */ = {isa = PBXFileReference; lastKnownFileType = sourcecode.swift; path = ScrollPositionView.swift; sourceTree = "<group>"; };
		DD9A5B8428A134DB009C2FBE /* DraggableEventView.swift */ = {isa = PBXFileReference; lastKnownFileType = sourcecode.swift; path = DraggableEventView.swift; sourceTree = "<group>"; };
/* End PBXFileReference section */

/* Begin PBXFrameworksBuildPhase section */
		DD2A596828905E8C00C5656D /* Frameworks */ = {
			isa = PBXFrameworksBuildPhase;
			buildActionMask = 2147483647;
			files = (
			);
			runOnlyForDeploymentPostprocessing = 0;
		};
		DD2A596E28905E8C00C5656D /* Frameworks */ = {
			isa = PBXFrameworksBuildPhase;
			buildActionMask = 2147483647;
			files = (
			);
			runOnlyForDeploymentPostprocessing = 0;
		};
		DD2A597528905E8C00C5656D /* Frameworks */ = {
			isa = PBXFrameworksBuildPhase;
			buildActionMask = 2147483647;
			files = (
			);
			runOnlyForDeploymentPostprocessing = 0;
		};
		DD2A598128905E8C00C5656D /* Frameworks */ = {
			isa = PBXFrameworksBuildPhase;
			buildActionMask = 2147483647;
			files = (
			);
			runOnlyForDeploymentPostprocessing = 0;
		};
/* End PBXFrameworksBuildPhase section */

/* Begin PBXGroup section */
		DD2A595E28905E8C00C5656D = {
			isa = PBXGroup;
			children = (
				DD2A596328905E8C00C5656D /* Shared */,
				DD2A597228905E8C00C5656D /* macOS */,
				DD2A597B28905E8C00C5656D /* Tests iOS */,
				DD2A598728905E8C00C5656D /* Tests macOS */,
				DD2A596C28905E8C00C5656D /* Products */,
			);
			sourceTree = "<group>";
		};
		DD2A596328905E8C00C5656D /* Shared */ = {
			isa = PBXGroup;
			children = (
				DD2A596428905E8C00C5656D /* DragGestureTestApp.swift */,
				DD2A596528905E8C00C5656D /* ContentView.swift */,
				DD2A59AC28956A6C00C5656D /* CalendarView.swift */,
				DD2A59B2289598E700C5656D /* RowView.swift */,
				DD9A5B8428A134DB009C2FBE /* DraggableEventView.swift */,
				DD2A59AF2895983200C5656D /* EventView.swift */,
				DD4272B52948AAF200D1D1D6 /* TestViews */,
				DD2A596628905E8C00C5656D /* Assets.xcassets */,
			);
			path = Shared;
			sourceTree = "<group>";
		};
		DD2A596C28905E8C00C5656D /* Products */ = {
			isa = PBXGroup;
			children = (
				DD2A596B28905E8C00C5656D /* DragGestureTest.app */,
				DD2A597128905E8C00C5656D /* DragGestureTest.app */,
				DD2A597828905E8C00C5656D /* Tests iOS.xctest */,
				DD2A598428905E8C00C5656D /* Tests macOS.xctest */,
			);
			name = Products;
			sourceTree = "<group>";
		};
		DD2A597228905E8C00C5656D /* macOS */ = {
			isa = PBXGroup;
			children = (
				DD2A597328905E8C00C5656D /* macOS.entitlements */,
			);
			path = macOS;
			sourceTree = "<group>";
		};
		DD2A597B28905E8C00C5656D /* Tests iOS */ = {
			isa = PBXGroup;
			children = (
				DD2A597C28905E8C00C5656D /* Tests_iOS.swift */,
				DD2A597E28905E8C00C5656D /* Tests_iOSLaunchTests.swift */,
			);
			path = "Tests iOS";
			sourceTree = "<group>";
		};
		DD2A598728905E8C00C5656D /* Tests macOS */ = {
			isa = PBXGroup;
			children = (
				DD2A598828905E8C00C5656D /* Tests_macOS.swift */,
				DD2A598A28905E8C00C5656D /* Tests_macOSLaunchTests.swift */,
			);
			path = "Tests macOS";
			sourceTree = "<group>";
		};
		DD4272B52948AAF200D1D1D6 /* TestViews */ = {
			isa = PBXGroup;
			children = (
				DD2A59A6289295B500C5656D /* DragAndExpandView.swift */,
				DD2A59A0289129BE00C5656D /* DragInSpecificDirection.swift */,
				DD2A59A3289261C000C5656D /* GeoReader.swift */,
				DD9A5B7E289C40D5009C2FBE /* MREGestureCoordinates.swift */,
				DD9A5B81289EAE97009C2FBE /* ScrollPositionView.swift */,
			);
			path = TestViews;
			sourceTree = "<group>";
		};
/* End PBXGroup section */

/* Begin PBXNativeTarget section */
		DD2A596A28905E8C00C5656D /* DragGestureTest (iOS) */ = {
			isa = PBXNativeTarget;
			buildConfigurationList = DD2A599428905E8C00C5656D /* Build configuration list for PBXNativeTarget "DragGestureTest (iOS)" */;
			buildPhases = (
				DD2A596728905E8C00C5656D /* Sources */,
				DD2A596828905E8C00C5656D /* Frameworks */,
				DD2A596928905E8C00C5656D /* Resources */,
			);
			buildRules = (
			);
			dependencies = (
			);
			name = "DragGestureTest (iOS)";
			productName = "DragGestureTest (iOS)";
			productReference = DD2A596B28905E8C00C5656D /* DragGestureTest.app */;
			productType = "com.apple.product-type.application";
		};
		DD2A597028905E8C00C5656D /* DragGestureTest (macOS) */ = {
			isa = PBXNativeTarget;
			buildConfigurationList = DD2A599728905E8C00C5656D /* Build configuration list for PBXNativeTarget "DragGestureTest (macOS)" */;
			buildPhases = (
				DD2A596D28905E8C00C5656D /* Sources */,
				DD2A596E28905E8C00C5656D /* Frameworks */,
				DD2A596F28905E8C00C5656D /* Resources */,
			);
			buildRules = (
			);
			dependencies = (
			);
			name = "DragGestureTest (macOS)";
			productName = "DragGestureTest (macOS)";
			productReference = DD2A597128905E8C00C5656D /* DragGestureTest.app */;
			productType = "com.apple.product-type.application";
		};
		DD2A597728905E8C00C5656D /* Tests iOS */ = {
			isa = PBXNativeTarget;
			buildConfigurationList = DD2A599A28905E8C00C5656D /* Build configuration list for PBXNativeTarget "Tests iOS" */;
			buildPhases = (
				DD2A597428905E8C00C5656D /* Sources */,
				DD2A597528905E8C00C5656D /* Frameworks */,
				DD2A597628905E8C00C5656D /* Resources */,
			);
			buildRules = (
			);
			dependencies = (
				DD2A597A28905E8C00C5656D /* PBXTargetDependency */,
			);
			name = "Tests iOS";
			productName = "Tests iOS";
			productReference = DD2A597828905E8C00C5656D /* Tests iOS.xctest */;
			productType = "com.apple.product-type.bundle.ui-testing";
		};
		DD2A598328905E8C00C5656D /* Tests macOS */ = {
			isa = PBXNativeTarget;
			buildConfigurationList = DD2A599D28905E8C00C5656D /* Build configuration list for PBXNativeTarget "Tests macOS" */;
			buildPhases = (
				DD2A598028905E8C00C5656D /* Sources */,
				DD2A598128905E8C00C5656D /* Frameworks */,
				DD2A598228905E8C00C5656D /* Resources */,
			);
			buildRules = (
			);
			dependencies = (
				DD2A598628905E8C00C5656D /* PBXTargetDependency */,
			);
			name = "Tests macOS";
			productName = "Tests macOS";
			productReference = DD2A598428905E8C00C5656D /* Tests macOS.xctest */;
			productType = "com.apple.product-type.bundle.ui-testing";
		};
/* End PBXNativeTarget section */

/* Begin PBXProject section */
		DD2A595F28905E8C00C5656D /* Project object */ = {
			isa = PBXProject;
			attributes = {
				BuildIndependentTargetsInParallel = 1;
				LastSwiftUpdateCheck = 1340;
				LastUpgradeCheck = 1410;
				TargetAttributes = {
					DD2A596A28905E8C00C5656D = {
						CreatedOnToolsVersion = 13.4.1;
					};
					DD2A597028905E8C00C5656D = {
						CreatedOnToolsVersion = 13.4.1;
					};
					DD2A597728905E8C00C5656D = {
						CreatedOnToolsVersion = 13.4.1;
						TestTargetID = DD2A596A28905E8C00C5656D;
					};
					DD2A598328905E8C00C5656D = {
						CreatedOnToolsVersion = 13.4.1;
						TestTargetID = DD2A597028905E8C00C5656D;
					};
				};
			};
			buildConfigurationList = DD2A596228905E8C00C5656D /* Build configuration list for PBXProject "DragGestureTest" */;
			compatibilityVersion = "Xcode 13.0";
			developmentRegion = en;
			hasScannedForEncodings = 0;
			knownRegions = (
				en,
				Base,
			);
			mainGroup = DD2A595E28905E8C00C5656D;
			productRefGroup = DD2A596C28905E8C00C5656D /* Products */;
			projectDirPath = "";
			projectRoot = "";
			targets = (
				DD2A596A28905E8C00C5656D /* DragGestureTest (iOS) */,
				DD2A597028905E8C00C5656D /* DragGestureTest (macOS) */,
				DD2A597728905E8C00C5656D /* Tests iOS */,
				DD2A598328905E8C00C5656D /* Tests macOS */,
			);
		};
/* End PBXProject section */

/* Begin PBXResourcesBuildPhase section */
		DD2A596928905E8C00C5656D /* Resources */ = {
			isa = PBXResourcesBuildPhase;
			buildActionMask = 2147483647;
			files = (
				DD2A599028905E8C00C5656D /* Assets.xcassets in Resources */,
			);
			runOnlyForDeploymentPostprocessing = 0;
		};
		DD2A596F28905E8C00C5656D /* Resources */ = {
			isa = PBXResourcesBuildPhase;
			buildActionMask = 2147483647;
			files = (
				DD2A599128905E8C00C5656D /* Assets.xcassets in Resources */,
			);
			runOnlyForDeploymentPostprocessing = 0;
		};
		DD2A597628905E8C00C5656D /* Resources */ = {
			isa = PBXResourcesBuildPhase;
			buildActionMask = 2147483647;
			files = (
			);
			runOnlyForDeploymentPostprocessing = 0;
		};
		DD2A598228905E8C00C5656D /* Resources */ = {
			isa = PBXResourcesBuildPhase;
			buildActionMask = 2147483647;
			files = (
			);
			runOnlyForDeploymentPostprocessing = 0;
		};
/* End PBXResourcesBuildPhase section */

/* Begin PBXSourcesBuildPhase section */
		DD2A596728905E8C00C5656D /* Sources */ = {
			isa = PBXSourcesBuildPhase;
			buildActionMask = 2147483647;
			files = (
				DD9A5B7F289C40D5009C2FBE /* MREGestureCoordinates.swift in Sources */,
				DD9A5B8528A134DB009C2FBE /* DraggableEventView.swift in Sources */,
				DD2A59AD28956A6C00C5656D /* CalendarView.swift in Sources */,
				DD9A5B82289EAE97009C2FBE /* ScrollPositionView.swift in Sources */,
				DD2A59B02895983200C5656D /* EventView.swift in Sources */,
				DD2A59A7289295B500C5656D /* DragAndExpandView.swift in Sources */,
				DD2A59B3289598E700C5656D /* RowView.swift in Sources */,
				DD2A59A4289261C000C5656D /* GeoReader.swift in Sources */,
				DD2A59A1289129BE00C5656D /* DragInSpecificDirection.swift in Sources */,
				DD2A598E28905E8C00C5656D /* ContentView.swift in Sources */,
				DD2A598C28905E8C00C5656D /* DragGestureTestApp.swift in Sources */,
			);
			runOnlyForDeploymentPostprocessing = 0;
		};
		DD2A596D28905E8C00C5656D /* Sources */ = {
			isa = PBXSourcesBuildPhase;
			buildActionMask = 2147483647;
			files = (
				DD9A5B80289C40D5009C2FBE /* MREGestureCoordinates.swift in Sources */,
				DD9A5B8628A134DB009C2FBE /* DraggableEventView.swift in Sources */,
				DD2A59AE28956A6C00C5656D /* CalendarView.swift in Sources */,
				DD9A5B83289EAE97009C2FBE /* ScrollPositionView.swift in Sources */,
				DD2A59B12895983200C5656D /* EventView.swift in Sources */,
				DD2A59A8289295B500C5656D /* DragAndExpandView.swift in Sources */,
				DD2A59B4289598E700C5656D /* RowView.swift in Sources */,
				DD2A59A5289261C000C5656D /* GeoReader.swift in Sources */,
				DD2A59A2289129BE00C5656D /* DragInSpecificDirection.swift in Sources */,
				DD2A598F28905E8C00C5656D /* ContentView.swift in Sources */,
				DD2A598D28905E8C00C5656D /* DragGestureTestApp.swift in Sources */,
			);
			runOnlyForDeploymentPostprocessing = 0;
		};
		DD2A597428905E8C00C5656D /* Sources */ = {
			isa = PBXSourcesBuildPhase;
			buildActionMask = 2147483647;
			files = (
				DD2A597F28905E8C00C5656D /* Tests_iOSLaunchTests.swift in Sources */,
				DD2A597D28905E8C00C5656D /* Tests_iOS.swift in Sources */,
			);
			runOnlyForDeploymentPostprocessing = 0;
		};
		DD2A598028905E8C00C5656D /* Sources */ = {
			isa = PBXSourcesBuildPhase;
			buildActionMask = 2147483647;
			files = (
				DD2A598B28905E8C00C5656D /* Tests_macOSLaunchTests.swift in Sources */,
				DD2A598928905E8C00C5656D /* Tests_macOS.swift in Sources */,
			);
			runOnlyForDeploymentPostprocessing = 0;
		};
/* End PBXSourcesBuildPhase section */

/* Begin PBXTargetDependency section */
		DD2A597A28905E8C00C5656D /* PBXTargetDependency */ = {
			isa = PBXTargetDependency;
			target = DD2A596A28905E8C00C5656D /* DragGestureTest (iOS) */;
			targetProxy = DD2A597928905E8C00C5656D /* PBXContainerItemProxy */;
		};
		DD2A598628905E8C00C5656D /* PBXTargetDependency */ = {
			isa = PBXTargetDependency;
			target = DD2A597028905E8C00C5656D /* DragGestureTest (macOS) */;
			targetProxy = DD2A598528905E8C00C5656D /* PBXContainerItemProxy */;
		};
/* End PBXTargetDependency section */

/* Begin XCBuildConfiguration section */
		DD2A599228905E8C00C5656D /* Debug */ = {
			isa = XCBuildConfiguration;
			buildSettings = {
				ALWAYS_SEARCH_USER_PATHS = NO;
				CLANG_ANALYZER_NONNULL = YES;
				CLANG_ANALYZER_NUMBER_OBJECT_CONVERSION = YES_AGGRESSIVE;
				CLANG_CXX_LANGUAGE_STANDARD = "gnu++17";
				CLANG_ENABLE_MODULES = YES;
				CLANG_ENABLE_OBJC_ARC = YES;
				CLANG_ENABLE_OBJC_WEAK = YES;
				CLANG_WARN_BLOCK_CAPTURE_AUTORELEASING = YES;
				CLANG_WARN_BOOL_CONVERSION = YES;
				CLANG_WARN_COMMA = YES;
				CLANG_WARN_CONSTANT_CONVERSION = YES;
				CLANG_WARN_DEPRECATED_OBJC_IMPLEMENTATIONS = YES;
				CLANG_WARN_DIRECT_OBJC_ISA_USAGE = YES_ERROR;
				CLANG_WARN_DOCUMENTATION_COMMENTS = YES;
				CLANG_WARN_EMPTY_BODY = YES;
				CLANG_WARN_ENUM_CONVERSION = YES;
				CLANG_WARN_INFINITE_RECURSION = YES;
				CLANG_WARN_INT_CONVERSION = YES;
				CLANG_WARN_NON_LITERAL_NULL_CONVERSION = YES;
				CLANG_WARN_OBJC_IMPLICIT_RETAIN_SELF = YES;
				CLANG_WARN_OBJC_LITERAL_CONVERSION = YES;
				CLANG_WARN_OBJC_ROOT_CLASS = YES_ERROR;
				CLANG_WARN_QUOTED_INCLUDE_IN_FRAMEWORK_HEADER = YES;
				CLANG_WARN_RANGE_LOOP_ANALYSIS = YES;
				CLANG_WARN_STRICT_PROTOTYPES = YES;
				CLANG_WARN_SUSPICIOUS_MOVE = YES;
				CLANG_WARN_UNGUARDED_AVAILABILITY = YES_AGGRESSIVE;
				CLANG_WARN_UNREACHABLE_CODE = YES;
				CLANG_WARN__DUPLICATE_METHOD_MATCH = YES;
				COPY_PHASE_STRIP = NO;
				DEAD_CODE_STRIPPING = YES;
				DEBUG_INFORMATION_FORMAT = dwarf;
				ENABLE_STRICT_OBJC_MSGSEND = YES;
				ENABLE_TESTABILITY = YES;
				GCC_C_LANGUAGE_STANDARD = gnu11;
				GCC_DYNAMIC_NO_PIC = NO;
				GCC_NO_COMMON_BLOCKS = YES;
				GCC_OPTIMIZATION_LEVEL = 0;
				GCC_PREPROCESSOR_DEFINITIONS = (
					"DEBUG=1",
					"$(inherited)",
				);
				GCC_WARN_64_TO_32_BIT_CONVERSION = YES;
				GCC_WARN_ABOUT_RETURN_TYPE = YES_ERROR;
				GCC_WARN_UNDECLARED_SELECTOR = YES;
				GCC_WARN_UNINITIALIZED_AUTOS = YES_AGGRESSIVE;
				GCC_WARN_UNUSED_FUNCTION = YES;
				GCC_WARN_UNUSED_VARIABLE = YES;
				MTL_ENABLE_DEBUG_INFO = INCLUDE_SOURCE;
				MTL_FAST_MATH = YES;
				ONLY_ACTIVE_ARCH = YES;
				SWIFT_ACTIVE_COMPILATION_CONDITIONS = DEBUG;
				SWIFT_OPTIMIZATION_LEVEL = "-Onone";
			};
			name = Debug;
		};
		DD2A599328905E8C00C5656D /* Release */ = {
			isa = XCBuildConfiguration;
			buildSettings = {
				ALWAYS_SEARCH_USER_PATHS = NO;
				CLANG_ANALYZER_NONNULL = YES;
				CLANG_ANALYZER_NUMBER_OBJECT_CONVERSION = YES_AGGRESSIVE;
				CLANG_CXX_LANGUAGE_STANDARD = "gnu++17";
				CLANG_ENABLE_MODULES = YES;
				CLANG_ENABLE_OBJC_ARC = YES;
				CLANG_ENABLE_OBJC_WEAK = YES;
				CLANG_WARN_BLOCK_CAPTURE_AUTORELEASING = YES;
				CLANG_WARN_BOOL_CONVERSION = YES;
				CLANG_WARN_COMMA = YES;
				CLANG_WARN_CONSTANT_CONVERSION = YES;
				CLANG_WARN_DEPRECATED_OBJC_IMPLEMENTATIONS = YES;
				CLANG_WARN_DIRECT_OBJC_ISA_USAGE = YES_ERROR;
				CLANG_WARN_DOCUMENTATION_COMMENTS = YES;
				CLANG_WARN_EMPTY_BODY = YES;
				CLANG_WARN_ENUM_CONVERSION = YES;
				CLANG_WARN_INFINITE_RECURSION = YES;
				CLANG_WARN_INT_CONVERSION = YES;
				CLANG_WARN_NON_LITERAL_NULL_CONVERSION = YES;
				CLANG_WARN_OBJC_IMPLICIT_RETAIN_SELF = YES;
				CLANG_WARN_OBJC_LITERAL_CONVERSION = YES;
				CLANG_WARN_OBJC_ROOT_CLASS = YES_ERROR;
				CLANG_WARN_QUOTED_INCLUDE_IN_FRAMEWORK_HEADER = YES;
				CLANG_WARN_RANGE_LOOP_ANALYSIS = YES;
				CLANG_WARN_STRICT_PROTOTYPES = YES;
				CLANG_WARN_SUSPICIOUS_MOVE = YES;
				CLANG_WARN_UNGUARDED_AVAILABILITY = YES_AGGRESSIVE;
				CLANG_WARN_UNREACHABLE_CODE = YES;
				CLANG_WARN__DUPLICATE_METHOD_MATCH = YES;
				COPY_PHASE_STRIP = NO;
				DEAD_CODE_STRIPPING = YES;
				DEBUG_INFORMATION_FORMAT = "dwarf-with-dsym";
				ENABLE_NS_ASSERTIONS = NO;
				ENABLE_STRICT_OBJC_MSGSEND = YES;
				GCC_C_LANGUAGE_STANDARD = gnu11;
				GCC_NO_COMMON_BLOCKS = YES;
				GCC_WARN_64_TO_32_BIT_CONVERSION = YES;
				GCC_WARN_ABOUT_RETURN_TYPE = YES_ERROR;
				GCC_WARN_UNDECLARED_SELECTOR = YES;
				GCC_WARN_UNINITIALIZED_AUTOS = YES_AGGRESSIVE;
				GCC_WARN_UNUSED_FUNCTION = YES;
				GCC_WARN_UNUSED_VARIABLE = YES;
				MTL_ENABLE_DEBUG_INFO = NO;
				MTL_FAST_MATH = YES;
				SWIFT_COMPILATION_MODE = wholemodule;
				SWIFT_OPTIMIZATION_LEVEL = "-O";
			};
			name = Release;
		};
		DD2A599528905E8C00C5656D /* Debug */ = {
			isa = XCBuildConfiguration;
			buildSettings = {
				ASSETCATALOG_COMPILER_APPICON_NAME = AppIcon;
				ASSETCATALOG_COMPILER_GLOBAL_ACCENT_COLOR_NAME = AccentColor;
				CODE_SIGN_STYLE = Automatic;
				CURRENT_PROJECT_VERSION = 1;
				DEVELOPMENT_TEAM = SVY23GV2YD;
				ENABLE_PREVIEWS = YES;
				GENERATE_INFOPLIST_FILE = YES;
				INFOPLIST_KEY_UIApplicationSceneManifest_Generation = YES;
				INFOPLIST_KEY_UIApplicationSupportsIndirectInputEvents = YES;
				INFOPLIST_KEY_UILaunchScreen_Generation = YES;
				INFOPLIST_KEY_UISupportedInterfaceOrientations_iPad = "UIInterfaceOrientationPortrait UIInterfaceOrientationPortraitUpsideDown UIInterfaceOrientationLandscapeLeft UIInterfaceOrientationLandscapeRight";
				INFOPLIST_KEY_UISupportedInterfaceOrientations_iPhone = "UIInterfaceOrientationPortrait UIInterfaceOrientationLandscapeLeft UIInterfaceOrientationLandscapeRight";
				IPHONEOS_DEPLOYMENT_TARGET = 15.5;
				LD_RUNPATH_SEARCH_PATHS = (
					"$(inherited)",
					"@executable_path/Frameworks",
				);
				MARKETING_VERSION = 1.0;
				PRODUCT_BUNDLE_IDENTIFIER = apps.janstehlik.DragGestureTest;
				PRODUCT_NAME = DragGestureTest;
				SDKROOT = iphoneos;
				SWIFT_EMIT_LOC_STRINGS = YES;
				SWIFT_VERSION = 5.0;
				TARGETED_DEVICE_FAMILY = "1,2";
			};
			name = Debug;
		};
		DD2A599628905E8C00C5656D /* Release */ = {
			isa = XCBuildConfiguration;
			buildSettings = {
				ASSETCATALOG_COMPILER_APPICON_NAME = AppIcon;
				ASSETCATALOG_COMPILER_GLOBAL_ACCENT_COLOR_NAME = AccentColor;
				CODE_SIGN_STYLE = Automatic;
				CURRENT_PROJECT_VERSION = 1;
				DEVELOPMENT_TEAM = SVY23GV2YD;
				ENABLE_PREVIEWS = YES;
				GENERATE_INFOPLIST_FILE = YES;
				INFOPLIST_KEY_UIApplicationSceneManifest_Generation = YES;
				INFOPLIST_KEY_UIApplicationSupportsIndirectInputEvents = YES;
				INFOPLIST_KEY_UILaunchScreen_Generation = YES;
				INFOPLIST_KEY_UISupportedInterfaceOrientations_iPad = "UIInterfaceOrientationPortrait UIInterfaceOrientationPortraitUpsideDown UIInterfaceOrientationLandscapeLeft UIInterfaceOrientationLandscapeRight";
				INFOPLIST_KEY_UISupportedInterfaceOrientations_iPhone = "UIInterfaceOrientationPortrait UIInterfaceOrientationLandscapeLeft UIInterfaceOrientationLandscapeRight";
				IPHONEOS_DEPLOYMENT_TARGET = 15.5;
				LD_RUNPATH_SEARCH_PATHS = (
					"$(inherited)",
					"@executable_path/Frameworks",
				);
				MARKETING_VERSION = 1.0;
				PRODUCT_BUNDLE_IDENTIFIER = apps.janstehlik.DragGestureTest;
				PRODUCT_NAME = DragGestureTest;
				SDKROOT = iphoneos;
				SWIFT_EMIT_LOC_STRINGS = YES;
				SWIFT_VERSION = 5.0;
				TARGETED_DEVICE_FAMILY = "1,2";
				VALIDATE_PRODUCT = YES;
			};
			name = Release;
		};
		DD2A599828905E8C00C5656D /* Debug */ = {
			isa = XCBuildConfiguration;
			buildSettings = {
				ASSETCATALOG_COMPILER_APPICON_NAME = AppIcon;
				ASSETCATALOG_COMPILER_GLOBAL_ACCENT_COLOR_NAME = AccentColor;
				CODE_SIGN_ENTITLEMENTS = macOS/macOS.entitlements;
				CODE_SIGN_IDENTITY = "-";
				CODE_SIGN_STYLE = Automatic;
				COMBINE_HIDPI_IMAGES = YES;
				CURRENT_PROJECT_VERSION = 1;
				DEAD_CODE_STRIPPING = YES;
				DEVELOPMENT_TEAM = SVY23GV2YD;
				ENABLE_HARDENED_RUNTIME = YES;
				ENABLE_PREVIEWS = YES;
				GENERATE_INFOPLIST_FILE = YES;
				INFOPLIST_KEY_NSHumanReadableCopyright = "";
				LD_RUNPATH_SEARCH_PATHS = (
					"$(inherited)",
					"@executable_path/../Frameworks",
				);
				MACOSX_DEPLOYMENT_TARGET = 12.3;
				MARKETING_VERSION = 1.0;
				PRODUCT_BUNDLE_IDENTIFIER = apps.janstehlik.DragGestureTest;
				PRODUCT_NAME = DragGestureTest;
				SDKROOT = macosx;
				SWIFT_EMIT_LOC_STRINGS = YES;
				SWIFT_VERSION = 5.0;
			};
			name = Debug;
		};
		DD2A599928905E8C00C5656D /* Release */ = {
			isa = XCBuildConfiguration;
			buildSettings = {
				ASSETCATALOG_COMPILER_APPICON_NAME = AppIcon;
				ASSETCATALOG_COMPILER_GLOBAL_ACCENT_COLOR_NAME = AccentColor;
				CODE_SIGN_ENTITLEMENTS = macOS/macOS.entitlements;
				CODE_SIGN_IDENTITY = "-";
				CODE_SIGN_STYLE = Automatic;
				COMBINE_HIDPI_IMAGES = YES;
				CURRENT_PROJECT_VERSION = 1;
				DEAD_CODE_STRIPPING = YES;
				DEVELOPMENT_TEAM = SVY23GV2YD;
				ENABLE_HARDENED_RUNTIME = YES;
				ENABLE_PREVIEWS = YES;
				GENERATE_INFOPLIST_FILE = YES;
				INFOPLIST_KEY_NSHumanReadableCopyright = "";
				LD_RUNPATH_SEARCH_PATHS = (
					"$(inherited)",
					"@executable_path/../Frameworks",
				);
				MACOSX_DEPLOYMENT_TARGET = 12.3;
				MARKETING_VERSION = 1.0;
				PRODUCT_BUNDLE_IDENTIFIER = apps.janstehlik.DragGestureTest;
				PRODUCT_NAME = DragGestureTest;
				SDKROOT = macosx;
				SWIFT_EMIT_LOC_STRINGS = YES;
				SWIFT_VERSION = 5.0;
			};
			name = Release;
		};
		DD2A599B28905E8C00C5656D /* Debug */ = {
			isa = XCBuildConfiguration;
			buildSettings = {
				ALWAYS_EMBED_SWIFT_STANDARD_LIBRARIES = YES;
				CODE_SIGN_STYLE = Automatic;
				CURRENT_PROJECT_VERSION = 1;
				DEVELOPMENT_TEAM = SVY23GV2YD;
				GENERATE_INFOPLIST_FILE = YES;
				IPHONEOS_DEPLOYMENT_TARGET = 15.5;
				MARKETING_VERSION = 1.0;
				PRODUCT_BUNDLE_IDENTIFIER = "apps.janstehlik.Tests-iOS";
				PRODUCT_NAME = "$(TARGET_NAME)";
				SDKROOT = iphoneos;
				SWIFT_EMIT_LOC_STRINGS = NO;
				SWIFT_VERSION = 5.0;
				TARGETED_DEVICE_FAMILY = "1,2";
				TEST_TARGET_NAME = "DragGestureTest (iOS)";
			};
			name = Debug;
		};
		DD2A599C28905E8C00C5656D /* Release */ = {
			isa = XCBuildConfiguration;
			buildSettings = {
				ALWAYS_EMBED_SWIFT_STANDARD_LIBRARIES = YES;
				CODE_SIGN_STYLE = Automatic;
				CURRENT_PROJECT_VERSION = 1;
				DEVELOPMENT_TEAM = SVY23GV2YD;
				GENERATE_INFOPLIST_FILE = YES;
				IPHONEOS_DEPLOYMENT_TARGET = 15.5;
				MARKETING_VERSION = 1.0;
				PRODUCT_BUNDLE_IDENTIFIER = "apps.janstehlik.Tests-iOS";
				PRODUCT_NAME = "$(TARGET_NAME)";
				SDKROOT = iphoneos;
				SWIFT_EMIT_LOC_STRINGS = NO;
				SWIFT_VERSION = 5.0;
				TARGETED_DEVICE_FAMILY = "1,2";
				TEST_TARGET_NAME = "DragGestureTest (iOS)";
				VALIDATE_PRODUCT = YES;
			};
			name = Release;
		};
		DD2A599E28905E8C00C5656D /* Debug */ = {
			isa = XCBuildConfiguration;
			buildSettings = {
				ALWAYS_EMBED_SWIFT_STANDARD_LIBRARIES = YES;
				CODE_SIGN_STYLE = Automatic;
				CURRENT_PROJECT_VERSION = 1;
				DEAD_CODE_STRIPPING = YES;
				DEVELOPMENT_TEAM = SVY23GV2YD;
				GENERATE_INFOPLIST_FILE = YES;
				MACOSX_DEPLOYMENT_TARGET = 12.3;
				MARKETING_VERSION = 1.0;
				PRODUCT_BUNDLE_IDENTIFIER = "apps.janstehlik.Tests-macOS";
				PRODUCT_NAME = "$(TARGET_NAME)";
				SDKROOT = macosx;
				SWIFT_EMIT_LOC_STRINGS = NO;
				SWIFT_VERSION = 5.0;
				TEST_TARGET_NAME = "DragGestureTest (macOS)";
			};
			name = Debug;
		};
		DD2A599F28905E8C00C5656D /* Release */ = {
			isa = XCBuildConfiguration;
			buildSettings = {
				ALWAYS_EMBED_SWIFT_STANDARD_LIBRARIES = YES;
				CODE_SIGN_STYLE = Automatic;
				CURRENT_PROJECT_VERSION = 1;
				DEAD_CODE_STRIPPING = YES;
				DEVELOPMENT_TEAM = SVY23GV2YD;
				GENERATE_INFOPLIST_FILE = YES;
				MACOSX_DEPLOYMENT_TARGET = 12.3;
				MARKETING_VERSION = 1.0;
				PRODUCT_BUNDLE_IDENTIFIER = "apps.janstehlik.Tests-macOS";
				PRODUCT_NAME = "$(TARGET_NAME)";
				SDKROOT = macosx;
				SWIFT_EMIT_LOC_STRINGS = NO;
				SWIFT_VERSION = 5.0;
				TEST_TARGET_NAME = "DragGestureTest (macOS)";
			};
			name = Release;
		};
/* End XCBuildConfiguration section */

/* Begin XCConfigurationList section */
		DD2A596228905E8C00C5656D /* Build configuration list for PBXProject "DragGestureTest" */ = {
			isa = XCConfigurationList;
			buildConfigurations = (
				DD2A599228905E8C00C5656D /* Debug */,
				DD2A599328905E8C00C5656D /* Release */,
			);
			defaultConfigurationIsVisible = 0;
			defaultConfigurationName = Release;
		};
		DD2A599428905E8C00C5656D /* Build configuration list for PBXNativeTarget "DragGestureTest (iOS)" */ = {
			isa = XCConfigurationList;
			buildConfigurations = (
				DD2A599528905E8C00C5656D /* Debug */,
				DD2A599628905E8C00C5656D /* Release */,
			);
			defaultConfigurationIsVisible = 0;
			defaultConfigurationName = Release;
		};
		DD2A599728905E8C00C5656D /* Build configuration list for PBXNativeTarget "DragGestureTest (macOS)" */ = {
			isa = XCConfigurationList;
			buildConfigurations = (
				DD2A599828905E8C00C5656D /* Debug */,
				DD2A599928905E8C00C5656D /* Release */,
			);
			defaultConfigurationIsVisible = 0;
			defaultConfigurationName = Release;
		};
		DD2A599A28905E8C00C5656D /* Build configuration list for PBXNativeTarget "Tests iOS" */ = {
			isa = XCConfigurationList;
			buildConfigurations = (
				DD2A599B28905E8C00C5656D /* Debug */,
				DD2A599C28905E8C00C5656D /* Release */,
			);
			defaultConfigurationIsVisible = 0;
			defaultConfigurationName = Release;
		};
		DD2A599D28905E8C00C5656D /* Build configuration list for PBXNativeTarget "Tests macOS" */ = {
			isa = XCConfigurationList;
			buildConfigurations = (
				DD2A599E28905E8C00C5656D /* Debug */,
				DD2A599F28905E8C00C5656D /* Release */,
			);
			defaultConfigurationIsVisible = 0;
			defaultConfigurationName = Release;
		};
/* End XCConfigurationList section */
	};
	rootObject = DD2A595F28905E8C00C5656D /* Project object */;
}
